// !$*UTF8*$!
{
	archiveVersion = 1;
	classes = {
	};
	objectVersion = 50;
	objects = {

/* Begin PBXBuildFile section */
		072FDD16228DCD4D006CB5FB /* NewUserViewController.swift in Sources */ = {isa = PBXBuildFile; fileRef = 072FDD14228DCD4D006CB5FB /* NewUserViewController.swift */; };
		072FDD17228DCD4D006CB5FB /* LoginViewController.swift in Sources */ = {isa = PBXBuildFile; fileRef = 072FDD15228DCD4D006CB5FB /* LoginViewController.swift */; };
		072FDD19228DD01D006CB5FB /* MyActivityIndicator.swift in Sources */ = {isa = PBXBuildFile; fileRef = 072FDD18228DD01D006CB5FB /* MyActivityIndicator.swift */; };
		07396717229592F400EDD2C1 /* CourseTableViewCell.swift in Sources */ = {isa = PBXBuildFile; fileRef = 07396716229592F400EDD2C1 /* CourseTableViewCell.swift */; };
		0739671B2296075200EDD2C1 /* GLOBAL.swift in Sources */ = {isa = PBXBuildFile; fileRef = 0739671A2296075200EDD2C1 /* GLOBAL.swift */; };
		0739671D2296D27800EDD2C1 /* CRViewController.swift in Sources */ = {isa = PBXBuildFile; fileRef = 0739671C2296D27800EDD2C1 /* CRViewController.swift */; };
		073967212296E65400EDD2C1 /* SportSelection.swift in Sources */ = {isa = PBXBuildFile; fileRef = 073967202296E65400EDD2C1 /* SportSelection.swift */; };
		073967232296FFAB00EDD2C1 /* NewCourseView.swift in Sources */ = {isa = PBXBuildFile; fileRef = 073967222296FFAB00EDD2C1 /* NewCourseView.swift */; };
		07396725229700B800EDD2C1 /* CustomSearchTextField.swift in Sources */ = {isa = PBXBuildFile; fileRef = 07396724229700B800EDD2C1 /* CustomSearchTextField.swift */; };
		07396749229704A000EDD2C1 /* MyData.xcdatamodeld in Sources */ = {isa = PBXBuildFile; fileRef = 07396747229704A000EDD2C1 /* MyData.xcdatamodeld */; };
		0739674D2297133700EDD2C1 /* Populate_Local_Data.swift in Sources */ = {isa = PBXBuildFile; fileRef = 0739674C2297133700EDD2C1 /* Populate_Local_Data.swift */; };
		07FA9D1E228B90B70052084D /* AppDelegate.swift in Sources */ = {isa = PBXBuildFile; fileRef = 07FA9D1D228B90B70052084D /* AppDelegate.swift */; };
		07FA9D23228B90B70052084D /* Main.storyboard in Resources */ = {isa = PBXBuildFile; fileRef = 07FA9D21228B90B70052084D /* Main.storyboard */; };
		07FA9D25228B90BA0052084D /* Assets.xcassets in Resources */ = {isa = PBXBuildFile; fileRef = 07FA9D24228B90BA0052084D /* Assets.xcassets */; };
		07FA9D28228B90BA0052084D /* LaunchScreen.storyboard in Resources */ = {isa = PBXBuildFile; fileRef = 07FA9D26228B90BA0052084D /* LaunchScreen.storyboard */; };
		07FA9D30228B92330052084D /* CourseSearchItem.swift in Sources */ = {isa = PBXBuildFile; fileRef = 07FA9D2F228B92330052084D /* CourseSearchItem.swift */; };
		2413C076229CD9AE00214BD1 /* CourseGroup.swift in Sources */ = {isa = PBXBuildFile; fileRef = 2413C075229CD9AE00214BD1 /* CourseGroup.swift */; };
		2413C078229CDDFA00214BD1 /* NewCourseViewController.swift in Sources */ = {isa = PBXBuildFile; fileRef = 0739675022983D0300EDD2C1 /* NewCourseViewController.swift */; };
		2494AA55229D8406007FFB6A /* iOSDropDown.swift in Sources */ = {isa = PBXBuildFile; fileRef = 2494AA54229D8406007FFB6A /* iOSDropDown.swift */; };
		24F45629229771DA006A6ED5 /* LaunchScreenViewController.swift in Sources */ = {isa = PBXBuildFile; fileRef = 24F45628229771DA006A6ED5 /* LaunchScreenViewController.swift */; };
		24F4562B229771E6006A6ED5 /* ProgressBarView.swift in Sources */ = {isa = PBXBuildFile; fileRef = 24F4562A229771E6006A6ED5 /* ProgressBarView.swift */; };
/* End PBXBuildFile section */

/* Begin PBXFileReference section */
		072FDD14228DCD4D006CB5FB /* NewUserViewController.swift */ = {isa = PBXFileReference; fileEncoding = 4; lastKnownFileType = sourcecode.swift; path = NewUserViewController.swift; sourceTree = "<group>"; };
		072FDD15228DCD4D006CB5FB /* LoginViewController.swift */ = {isa = PBXFileReference; fileEncoding = 4; lastKnownFileType = sourcecode.swift; path = LoginViewController.swift; sourceTree = "<group>"; };
		072FDD18228DD01D006CB5FB /* MyActivityIndicator.swift */ = {isa = PBXFileReference; fileEncoding = 4; lastKnownFileType = sourcecode.swift; path = MyActivityIndicator.swift; sourceTree = "<group>"; };
		07396716229592F400EDD2C1 /* CourseTableViewCell.swift */ = {isa = PBXFileReference; lastKnownFileType = sourcecode.swift; path = CourseTableViewCell.swift; sourceTree = "<group>"; };
		0739671A2296075200EDD2C1 /* GLOBAL.swift */ = {isa = PBXFileReference; lastKnownFileType = sourcecode.swift; path = GLOBAL.swift; sourceTree = "<group>"; };
		0739671C2296D27800EDD2C1 /* CRViewController.swift */ = {isa = PBXFileReference; lastKnownFileType = sourcecode.swift; path = CRViewController.swift; sourceTree = "<group>"; };
		073967202296E65400EDD2C1 /* SportSelection.swift */ = {isa = PBXFileReference; lastKnownFileType = sourcecode.swift; path = SportSelection.swift; sourceTree = "<group>"; };
		073967222296FFAB00EDD2C1 /* NewCourseView.swift */ = {isa = PBXFileReference; lastKnownFileType = sourcecode.swift; path = NewCourseView.swift; sourceTree = "<group>"; };
		07396724229700B800EDD2C1 /* CustomSearchTextField.swift */ = {isa = PBXFileReference; lastKnownFileType = sourcecode.swift; path = CustomSearchTextField.swift; sourceTree = "<group>"; };
		07396748229704A000EDD2C1 /* Course.xcdatamodel */ = {isa = PBXFileReference; lastKnownFileType = wrapper.xcdatamodel; path = Course.xcdatamodel; sourceTree = "<group>"; };
		0739674C2297133700EDD2C1 /* Populate_Local_Data.swift */ = {isa = PBXFileReference; lastKnownFileType = sourcecode.swift; path = Populate_Local_Data.swift; sourceTree = "<group>"; };
		0739675022983D0300EDD2C1 /* NewCourseViewController.swift */ = {isa = PBXFileReference; lastKnownFileType = sourcecode.swift; path = NewCourseViewController.swift; sourceTree = "<group>"; };
		07FA9D1A228B90B70052084D /* MyCourseRequests.app */ = {isa = PBXFileReference; explicitFileType = wrapper.application; includeInIndex = 0; path = MyCourseRequests.app; sourceTree = BUILT_PRODUCTS_DIR; };
		07FA9D1D228B90B70052084D /* AppDelegate.swift */ = {isa = PBXFileReference; lastKnownFileType = sourcecode.swift; path = AppDelegate.swift; sourceTree = "<group>"; };
		07FA9D22228B90B70052084D /* Base */ = {isa = PBXFileReference; lastKnownFileType = file.storyboard; name = Base; path = Base.lproj/Main.storyboard; sourceTree = "<group>"; };
		07FA9D24228B90BA0052084D /* Assets.xcassets */ = {isa = PBXFileReference; lastKnownFileType = folder.assetcatalog; path = Assets.xcassets; sourceTree = "<group>"; };
		07FA9D27228B90BA0052084D /* Base */ = {isa = PBXFileReference; lastKnownFileType = file.storyboard; name = Base; path = Base.lproj/LaunchScreen.storyboard; sourceTree = "<group>"; };
		07FA9D29228B90BA0052084D /* Info.plist */ = {isa = PBXFileReference; lastKnownFileType = text.plist.xml; path = Info.plist; sourceTree = "<group>"; };
		07FA9D2F228B92330052084D /* CourseSearchItem.swift */ = {isa = PBXFileReference; lastKnownFileType = sourcecode.swift; path = CourseSearchItem.swift; sourceTree = "<group>"; };
		2413C075229CD9AE00214BD1 /* CourseGroup.swift */ = {isa = PBXFileReference; lastKnownFileType = sourcecode.swift; path = CourseGroup.swift; sourceTree = "<group>"; };
		2494AA54229D8406007FFB6A /* iOSDropDown.swift */ = {isa = PBXFileReference; lastKnownFileType = sourcecode.swift; path = iOSDropDown.swift; sourceTree = "<group>"; };
		24F45628229771DA006A6ED5 /* LaunchScreenViewController.swift */ = {isa = PBXFileReference; fileEncoding = 4; lastKnownFileType = sourcecode.swift; path = LaunchScreenViewController.swift; sourceTree = "<group>"; };
		24F4562A229771E6006A6ED5 /* ProgressBarView.swift */ = {isa = PBXFileReference; fileEncoding = 4; lastKnownFileType = sourcecode.swift; path = ProgressBarView.swift; sourceTree = "<group>"; };
/* End PBXFileReference section */

/* Begin PBXFrameworksBuildPhase section */
		07FA9D17228B90B70052084D /* Frameworks */ = {
			isa = PBXFrameworksBuildPhase;
			buildActionMask = 2147483647;
			files = (
			);
			runOnlyForDeploymentPostprocessing = 0;
		};
/* End PBXFrameworksBuildPhase section */

/* Begin PBXGroup section */
		07FA9D11228B90B70052084D = {
			isa = PBXGroup;
			children = (
				07FA9D1C228B90B70052084D /* MyCourseRequests */,
				07FA9D1B228B90B70052084D /* Products */,
			);
			sourceTree = "<group>";
		};
		07FA9D1B228B90B70052084D /* Products */ = {
			isa = PBXGroup;
			children = (
				07FA9D1A228B90B70052084D /* MyCourseRequests.app */,
			);
			name = Products;
			sourceTree = "<group>";
		};
		07FA9D1C228B90B70052084D /* MyCourseRequests */ = {
			isa = PBXGroup;
			children = (
				0739675022983D0300EDD2C1 /* NewCourseViewController.swift */,
				2413C075229CD9AE00214BD1 /* CourseGroup.swift */,
				073967222296FFAB00EDD2C1 /* NewCourseView.swift */,
				07FA9D1D228B90B70052084D /* AppDelegate.swift */,
				0739674C2297133700EDD2C1 /* Populate_Local_Data.swift */,
				07396747229704A000EDD2C1 /* MyData.xcdatamodeld */,
				07FA9D2F228B92330052084D /* CourseSearchItem.swift */,
				073967202296E65400EDD2C1 /* SportSelection.swift */,
				07FA9D21228B90B70052084D /* Main.storyboard */,
				07396724229700B800EDD2C1 /* CustomSearchTextField.swift */,
				0739671C2296D27800EDD2C1 /* CRViewController.swift */,
				0739671A2296075200EDD2C1 /* GLOBAL.swift */,
				07396716229592F400EDD2C1 /* CourseTableViewCell.swift */,
				072FDD15228DCD4D006CB5FB /* LoginViewController.swift */,
				072FDD14228DCD4D006CB5FB /* NewUserViewController.swift */,
				24F4562A229771E6006A6ED5 /* ProgressBarView.swift */,
				24F45628229771DA006A6ED5 /* LaunchScreenViewController.swift */,
				072FDD18228DD01D006CB5FB /* MyActivityIndicator.swift */,
				07FA9D24228B90BA0052084D /* Assets.xcassets */,
				07FA9D26228B90BA0052084D /* LaunchScreen.storyboard */,
				07FA9D29228B90BA0052084D /* Info.plist */,
				2494AA54229D8406007FFB6A /* iOSDropDown.swift */,
			);
			path = MyCourseRequests;
			sourceTree = "<group>";
		};
/* End PBXGroup section */

/* Begin PBXNativeTarget section */
		07FA9D19228B90B70052084D /* MyCourseRequests */ = {
			isa = PBXNativeTarget;
			buildConfigurationList = 07FA9D2C228B90BA0052084D /* Build configuration list for PBXNativeTarget "MyCourseRequests" */;
			buildPhases = (
				07FA9D16228B90B70052084D /* Sources */,
				07FA9D17228B90B70052084D /* Frameworks */,
				07FA9D18228B90B70052084D /* Resources */,
			);
			buildRules = (
			);
			dependencies = (
			);
			name = MyCourseRequests;
			productName = MyCourseRequests;
			productReference = 07FA9D1A228B90B70052084D /* MyCourseRequests.app */;
			productType = "com.apple.product-type.application";
		};
/* End PBXNativeTarget section */

/* Begin PBXProject section */
		07FA9D12228B90B70052084D /* Project object */ = {
			isa = PBXProject;
			attributes = {
				LastSwiftUpdateCheck = 1010;
				LastUpgradeCheck = 1010;
				ORGANIZATIONNAME = Eric;
				TargetAttributes = {
					07FA9D19228B90B70052084D = {
						CreatedOnToolsVersion = 10.1;
					};
				};
			};
			buildConfigurationList = 07FA9D15228B90B70052084D /* Build configuration list for PBXProject "MyCourseRequests" */;
			compatibilityVersion = "Xcode 9.3";
			developmentRegion = en;
			hasScannedForEncodings = 0;
			knownRegions = (
				en,
				Base,
			);
			mainGroup = 07FA9D11228B90B70052084D;
			productRefGroup = 07FA9D1B228B90B70052084D /* Products */;
			projectDirPath = "";
			projectRoot = "";
			targets = (
				07FA9D19228B90B70052084D /* MyCourseRequests */,
			);
		};
/* End PBXProject section */

/* Begin PBXResourcesBuildPhase section */
		07FA9D18228B90B70052084D /* Resources */ = {
			isa = PBXResourcesBuildPhase;
			buildActionMask = 2147483647;
			files = (
				07FA9D28228B90BA0052084D /* LaunchScreen.storyboard in Resources */,
				07FA9D25228B90BA0052084D /* Assets.xcassets in Resources */,
				07FA9D23228B90B70052084D /* Main.storyboard in Resources */,
			);
			runOnlyForDeploymentPostprocessing = 0;
		};
/* End PBXResourcesBuildPhase section */

/* Begin PBXSourcesBuildPhase section */
		07FA9D16228B90B70052084D /* Sources */ = {
			isa = PBXSourcesBuildPhase;
			buildActionMask = 2147483647;
			files = (
				2494AA55229D8406007FFB6A /* iOSDropDown.swift in Sources */,
				0739671B2296075200EDD2C1 /* GLOBAL.swift in Sources */,
				073967212296E65400EDD2C1 /* SportSelection.swift in Sources */,
				0739671D2296D27800EDD2C1 /* CRViewController.swift in Sources */,
				0739674D2297133700EDD2C1 /* Populate_Local_Data.swift in Sources */,
				2413C078229CDDFA00214BD1 /* NewCourseViewController.swift in Sources */,
				2413C076229CD9AE00214BD1 /* CourseGroup.swift in Sources */,
				24F4562B229771E6006A6ED5 /* ProgressBarView.swift in Sources */,
				07FA9D30228B92330052084D /* CourseSearchItem.swift in Sources */,
				07396749229704A000EDD2C1 /* MyData.xcdatamodeld in Sources */,
				24F45629229771DA006A6ED5 /* LaunchScreenViewController.swift in Sources */,
				072FDD16228DCD4D006CB5FB /* NewUserViewController.swift in Sources */,
				07396717229592F400EDD2C1 /* CourseTableViewCell.swift in Sources */,
				072FDD19228DD01D006CB5FB /* MyActivityIndicator.swift in Sources */,
				07396725229700B800EDD2C1 /* CustomSearchTextField.swift in Sources */,
				072FDD17228DCD4D006CB5FB /* LoginViewController.swift in Sources */,
				073967232296FFAB00EDD2C1 /* NewCourseView.swift in Sources */,
				07FA9D1E228B90B70052084D /* AppDelegate.swift in Sources */,
			);
			runOnlyForDeploymentPostprocessing = 0;
		};
/* End PBXSourcesBuildPhase section */

/* Begin PBXVariantGroup section */
		07FA9D21228B90B70052084D /* Main.storyboard */ = {
			isa = PBXVariantGroup;
			children = (
				07FA9D22228B90B70052084D /* Base */,
			);
			name = Main.storyboard;
			sourceTree = "<group>";
		};
		07FA9D26228B90BA0052084D /* LaunchScreen.storyboard */ = {
			isa = PBXVariantGroup;
			children = (
				07FA9D27228B90BA0052084D /* Base */,
			);
			name = LaunchScreen.storyboard;
			sourceTree = "<group>";
		};
/* End PBXVariantGroup section */

/* Begin XCBuildConfiguration section */
		07FA9D2A228B90BA0052084D /* Debug */ = {
			isa = XCBuildConfiguration;
			buildSettings = {
				ALWAYS_SEARCH_USER_PATHS = NO;
				CLANG_ANALYZER_NONNULL = YES;
				CLANG_ANALYZER_NUMBER_OBJECT_CONVERSION = YES_AGGRESSIVE;
				CLANG_CXX_LANGUAGE_STANDARD = "gnu++14";
				CLANG_CXX_LIBRARY = "libc++";
				CLANG_ENABLE_MODULES = YES;
				CLANG_ENABLE_OBJC_ARC = YES;
				CLANG_ENABLE_OBJC_WEAK = YES;
				CLANG_WARN_BLOCK_CAPTURE_AUTORELEASING = YES;
				CLANG_WARN_BOOL_CONVERSION = YES;
				CLANG_WARN_COMMA = YES;
				CLANG_WARN_CONSTANT_CONVERSION = YES;
				CLANG_WARN_DEPRECATED_OBJC_IMPLEMENTATIONS = YES;
				CLANG_WARN_DIRECT_OBJC_ISA_USAGE = YES_ERROR;
				CLANG_WARN_DOCUMENTATION_COMMENTS = YES;
				CLANG_WARN_EMPTY_BODY = YES;
				CLANG_WARN_ENUM_CONVERSION = YES;
				CLANG_WARN_INFINITE_RECURSION = YES;
				CLANG_WARN_INT_CONVERSION = YES;
				CLANG_WARN_NON_LITERAL_NULL_CONVERSION = YES;
				CLANG_WARN_OBJC_IMPLICIT_RETAIN_SELF = YES;
				CLANG_WARN_OBJC_LITERAL_CONVERSION = YES;
				CLANG_WARN_OBJC_ROOT_CLASS = YES_ERROR;
				CLANG_WARN_RANGE_LOOP_ANALYSIS = YES;
				CLANG_WARN_STRICT_PROTOTYPES = YES;
				CLANG_WARN_SUSPICIOUS_MOVE = YES;
				CLANG_WARN_UNGUARDED_AVAILABILITY = YES_AGGRESSIVE;
				CLANG_WARN_UNREACHABLE_CODE = YES;
				CLANG_WARN__DUPLICATE_METHOD_MATCH = YES;
				CODE_SIGN_IDENTITY = "iPhone Developer";
				COPY_PHASE_STRIP = NO;
				DEBUG_INFORMATION_FORMAT = dwarf;
				ENABLE_STRICT_OBJC_MSGSEND = YES;
				ENABLE_TESTABILITY = YES;
				GCC_C_LANGUAGE_STANDARD = gnu11;
				GCC_DYNAMIC_NO_PIC = NO;
				GCC_NO_COMMON_BLOCKS = YES;
				GCC_OPTIMIZATION_LEVEL = 0;
				GCC_PREPROCESSOR_DEFINITIONS = (
					"DEBUG=1",
					"$(inherited)",
				);
				GCC_WARN_64_TO_32_BIT_CONVERSION = YES;
				GCC_WARN_ABOUT_RETURN_TYPE = YES_ERROR;
				GCC_WARN_UNDECLARED_SELECTOR = YES;
				GCC_WARN_UNINITIALIZED_AUTOS = YES_AGGRESSIVE;
				GCC_WARN_UNUSED_FUNCTION = YES;
				GCC_WARN_UNUSED_VARIABLE = YES;
				IPHONEOS_DEPLOYMENT_TARGET = 12.1;
				MTL_ENABLE_DEBUG_INFO = INCLUDE_SOURCE;
				MTL_FAST_MATH = YES;
				ONLY_ACTIVE_ARCH = YES;
				SDKROOT = iphoneos;
				SWIFT_ACTIVE_COMPILATION_CONDITIONS = DEBUG;
				SWIFT_OPTIMIZATION_LEVEL = "-Onone";
			};
			name = Debug;
		};
		07FA9D2B228B90BA0052084D /* Release */ = {
			isa = XCBuildConfiguration;
			buildSettings = {
				ALWAYS_SEARCH_USER_PATHS = NO;
				CLANG_ANALYZER_NONNULL = YES;
				CLANG_ANALYZER_NUMBER_OBJECT_CONVERSION = YES_AGGRESSIVE;
				CLANG_CXX_LANGUAGE_STANDARD = "gnu++14";
				CLANG_CXX_LIBRARY = "libc++";
				CLANG_ENABLE_MODULES = YES;
				CLANG_ENABLE_OBJC_ARC = YES;
				CLANG_ENABLE_OBJC_WEAK = YES;
				CLANG_WARN_BLOCK_CAPTURE_AUTORELEASING = YES;
				CLANG_WARN_BOOL_CONVERSION = YES;
				CLANG_WARN_COMMA = YES;
				CLANG_WARN_CONSTANT_CONVERSION = YES;
				CLANG_WARN_DEPRECATED_OBJC_IMPLEMENTATIONS = YES;
				CLANG_WARN_DIRECT_OBJC_ISA_USAGE = YES_ERROR;
				CLANG_WARN_DOCUMENTATION_COMMENTS = YES;
				CLANG_WARN_EMPTY_BODY = YES;
				CLANG_WARN_ENUM_CONVERSION = YES;
				CLANG_WARN_INFINITE_RECURSION = YES;
				CLANG_WARN_INT_CONVERSION = YES;
				CLANG_WARN_NON_LITERAL_NULL_CONVERSION = YES;
				CLANG_WARN_OBJC_IMPLICIT_RETAIN_SELF = YES;
				CLANG_WARN_OBJC_LITERAL_CONVERSION = YES;
				CLANG_WARN_OBJC_ROOT_CLASS = YES_ERROR;
				CLANG_WARN_RANGE_LOOP_ANALYSIS = YES;
				CLANG_WARN_STRICT_PROTOTYPES = YES;
				CLANG_WARN_SUSPICIOUS_MOVE = YES;
				CLANG_WARN_UNGUARDED_AVAILABILITY = YES_AGGRESSIVE;
				CLANG_WARN_UNREACHABLE_CODE = YES;
				CLANG_WARN__DUPLICATE_METHOD_MATCH = YES;
				CODE_SIGN_IDENTITY = "iPhone Developer";
				COPY_PHASE_STRIP = NO;
				DEBUG_INFORMATION_FORMAT = "dwarf-with-dsym";
				ENABLE_NS_ASSERTIONS = NO;
				ENABLE_STRICT_OBJC_MSGSEND = YES;
				GCC_C_LANGUAGE_STANDARD = gnu11;
				GCC_NO_COMMON_BLOCKS = YES;
				GCC_WARN_64_TO_32_BIT_CONVERSION = YES;
				GCC_WARN_ABOUT_RETURN_TYPE = YES_ERROR;
				GCC_WARN_UNDECLARED_SELECTOR = YES;
				GCC_WARN_UNINITIALIZED_AUTOS = YES_AGGRESSIVE;
				GCC_WARN_UNUSED_FUNCTION = YES;
				GCC_WARN_UNUSED_VARIABLE = YES;
				IPHONEOS_DEPLOYMENT_TARGET = 12.1;
				MTL_ENABLE_DEBUG_INFO = NO;
				MTL_FAST_MATH = YES;
				SDKROOT = iphoneos;
				SWIFT_COMPILATION_MODE = wholemodule;
				SWIFT_OPTIMIZATION_LEVEL = "-O";
				VALIDATE_PRODUCT = YES;
			};
			name = Release;
		};
		07FA9D2D228B90BA0052084D /* Debug */ = {
			isa = XCBuildConfiguration;
			buildSettings = {
				ASSETCATALOG_COMPILER_APPICON_NAME = AppIcon;
				CODE_SIGN_STYLE = Automatic;
				DEVELOPMENT_TEAM = 3KSBAF6P7H;
				INFOPLIST_FILE = MyCourseRequests/Info.plist;
				IPHONEOS_DEPLOYMENT_TARGET = 12.1;
				LD_RUNPATH_SEARCH_PATHS = (
					"$(inherited)",
					"@executable_path/Frameworks",
				);
				PRODUCT_BUNDLE_IDENTIFIER = com.example.MyCourseRequests;
				PRODUCT_NAME = "$(TARGET_NAME)";
				SWIFT_VERSION = 4.2;
				TARGETED_DEVICE_FAMILY = "1,2";
			};
			name = Debug;
		};
		07FA9D2E228B90BA0052084D /* Release */ = {
			isa = XCBuildConfiguration;
			buildSettings = {
				ASSETCATALOG_COMPILER_APPICON_NAME = AppIcon;
				CODE_SIGN_STYLE = Automatic;
				DEVELOPMENT_TEAM = 3KSBAF6P7H;
				INFOPLIST_FILE = MyCourseRequests/Info.plist;
				IPHONEOS_DEPLOYMENT_TARGET = 12.1;
				LD_RUNPATH_SEARCH_PATHS = (
					"$(inherited)",
					"@executable_path/Frameworks",
				);
				PRODUCT_BUNDLE_IDENTIFIER = com.example.MyCourseRequests;
				PRODUCT_NAME = "$(TARGET_NAME)";
				SWIFT_VERSION = 4.2;
				TARGETED_DEVICE_FAMILY = "1,2";
			};
			name = Release;
		};
/* End XCBuildConfiguration section */

/* Begin XCConfigurationList section */
		07FA9D15228B90B70052084D /* Build configuration list for PBXProject "MyCourseRequests" */ = {
			isa = XCConfigurationList;
			buildConfigurations = (
				07FA9D2A228B90BA0052084D /* Debug */,
				07FA9D2B228B90BA0052084D /* Release */,
			);
			defaultConfigurationIsVisible = 0;
			defaultConfigurationName = Release;
		};
		07FA9D2C228B90BA0052084D /* Build configuration list for PBXNativeTarget "MyCourseRequests" */ = {
			isa = XCConfigurationList;
			buildConfigurations = (
				07FA9D2D228B90BA0052084D /* Debug */,
				07FA9D2E228B90BA0052084D /* Release */,
			);
			defaultConfigurationIsVisible = 0;
			defaultConfigurationName = Release;
		};
/* End XCConfigurationList section */

/* Begin XCVersionGroup section */
		07396747229704A000EDD2C1 /* MyData.xcdatamodeld */ = {
			isa = XCVersionGroup;
			children = (
				07396748229704A000EDD2C1 /* Course.xcdatamodel */,
			);
			currentVersion = 07396748229704A000EDD2C1 /* Course.xcdatamodel */;
			path = MyData.xcdatamodeld;
			sourceTree = "<group>";
			versionGroupType = wrapper.xcdatamodel;
		};
/* End XCVersionGroup section */
	};
	rootObject = 07FA9D12228B90B70052084D /* Project object */;
}
